{
    "name": "google-analytics",
    "version": "2.8.0.0",
    "lockfileVersion": 2,
    "requires": true,
    "packages": {
        "": {
            "name": "google-analytics",
            "version": "2.8.0.0",
            "dependencies": {
                "react-ga4": "^1.4.1",
                "yarn": "^1.22.19"
            }
        },
        "node_modules/react-ga4": {
            "version": "1.4.1",
            "resolved": "https://registry.npmjs.org/react-ga4/-/react-ga4-1.4.1.tgz",
            "integrity": "sha512-ioBMEIxd4ePw4YtaloTUgqhQGqz5ebDdC4slEpLgy2sLx1LuZBC9iYCwDymTXzcntw6K1dHX183ulP32nNdG7w=="
        },
        "node_modules/yarn": {
            "version": "1.22.19",
            "resolved": "https://registry.npmjs.org/yarn/-/yarn-1.22.19.tgz",
            "integrity": "sha512-/0V5q0WbslqnwP91tirOvldvYISzaqhClxzyUKXYxs07yUILIs5jx/k6CFe8bvKSkds5w+eiOqta39Wk3WxdcQ==",
            "hasInstallScript": true,
            "bin": {
                "yarn": "bin/yarn.js",
                "yarnpkg": "bin/yarn.js"
            },
            "engines": {
                "node": ">=4.0.0"
            }
        }
    },
    "dependencies": {
        "react-ga4": {
            "version": "1.4.1",
            "resolved": "https://registry.npmjs.org/react-ga4/-/react-ga4-1.4.1.tgz",
            "integrity": "sha512-ioBMEIxd4ePw4YtaloTUgqhQGqz5ebDdC4slEpLgy2sLx1LuZBC9iYCwDymTXzcntw6K1dHX183ulP32nNdG7w=="
        },
        "yarn": {
            "version": "1.22.19",
            "resolved": "https://registry.npmjs.org/yarn/-/yarn-1.22.19.tgz",
            "integrity": "sha512-/0V5q0WbslqnwP91tirOvldvYISzaqhClxzyUKXYxs07yUILIs5jx/k6CFe8bvKSkds5w+eiOqta39Wk3WxdcQ=="
        }
    }
}
