# THIS IS AN AUTOGENERATED FILE. DO NOT EDIT THIS FILE DIRECTLY.
# yarn lockfile v1


"react-ga4@^1.4.1":
  "integrity" "sha512-ioBMEIxd4ePw4YtaloTUgqhQGqz5ebDdC4slEpLgy2sLx1LuZBC9iYCwDymTXzcntw6K1dHX183ulP32nNdG7w=="
  "resolved" "https://registry.npmjs.org/react-ga4/-/react-ga4-1.4.1.tgz"
  "version" "1.4.1"

"yarn@^1.22.19":
  "integrity" "sha512-/0V5q0WbslqnwP91tirOvldvYISzaqhClxzyUKXYxs07yUILIs5jx/k6CFe8bvKSkds5w+eiOqta39Wk3WxdcQ=="
  "resolved" "https://registry.npmjs.org/yarn/-/yarn-1.22.19.tgz"
  "version" "1.22.19"
